
Microsoft Visual Studio Solution File, Format Version 12.00
# Visual Studio 15
VisualStudioVersion = 15.0.28010.0
MinimumVisualStudioVersion = 10.0.40219.1
Project("{FAE04EC0-301F-11D3-BF4B-00C04F79EFBC}") = "NameParser", "NameParser\NameParser.csproj", "{9858A5EA-1EEB-4737-9237-E0671F2D7E6F}"
EndProject
Global
	GlobalSection(SolutionConfigurationPlatforms) = preSolution
		Debug|Any CPU = Debug|Any CPU
		Release|Any CPU = Release|Any CPU
	EndGlobalSection
	GlobalSection(ProjectConfigurationPlatforms) = postSolution
		{9858A5EA-1EEB-4737-9237-E0671F2D7E6F}.Debug|Any CPU.ActiveCfg = Debug|Any CPU
		{9858A5EA-1EEB-4737-9237-E0671F2D7E6F}.Debug|Any CPU.Build.0 = Debug|Any CPU
		{9858A5EA-1EEB-4737-9237-E0671F2D7E6F}.Release|Any CPU.ActiveCfg = Release|Any CPU
		{9858A5EA-1EEB-4737-9237-E0671F2D7E6F}.Release|Any CPU.Build.0 = Release|Any CPU
	EndGlobalSection
	GlobalSection(SolutionProperties) = preSolution
		HideSolutionNode = FALSE
	EndGlobalSection
	GlobalSection(ExtensibilityGlobals) = postSolution
		SolutionGuid = {5E474A00-5A8F-4327-B4A0-26F93035EAC7}
	EndGlobalSection
EndGlobal
